
Microsoft Visual Studio Solution File, Format Version 12.00
# Visual Studio Version 17
VisualStudioVersion = 17.11.35327.3
MinimumVisualStudioVersion = 10.0.40219.1
Project("{FAE04EC0-301F-11D3-BF4B-00C04F79EFBC}") = "LibraryManagementSystem", "LibraryManagementSystem\LibraryManagementSystem.csproj", "{D32946C3-CC19-4B14-B36A-2318B515D32E}"
EndProject
Global
	GlobalSection(SolutionConfigurationPlatforms) = preSolution
		Debug|Any CPU = Debug|Any CPU
		Release|Any CPU = Release|Any CPU
	EndGlobalSection
	GlobalSection(ProjectConfigurationPlatforms) = postSolution
		{D32946C3-CC19-4B14-B36A-2318B515D32E}.Debug|Any CPU.ActiveCfg = Debug|Any CPU
		{D32946C3-CC19-4B14-B36A-2318B515D32E}.Debug|Any CPU.Build.0 = Debug|Any CPU
		{D32946C3-CC19-4B14-B36A-2318B515D32E}.Release|Any CPU.ActiveCfg = Release|Any CPU
		{D32946C3-CC19-4B14-B36A-2318B515D32E}.Release|Any CPU.Build.0 = Release|Any CPU
	EndGlobalSection
	GlobalSection(SolutionProperties) = preSolution
		HideSolutionNode = FALSE
	EndGlobalSection
	GlobalSection(ExtensibilityGlobals) = postSolution
		SolutionGuid = {BBBD239A-456C-4845-88BE-F9B804AA557D}
	EndGlobalSection
EndGlobal
